
Microsoft Visual Studio Solution File, Format Version 12.00
# Visual Studio Version 17
VisualStudioVersion = 17.11.35327.3
MinimumVisualStudioVersion = 10.0.40219.1
Project("{FAE04EC0-301F-11D3-BF4B-00C04F79EFBC}") = "tabla_20135831", "tabla_20135831.csproj", "{97659369-70E1-4ED4-8FE6-6488B70BEB2C}"
EndProject
Global
	GlobalSection(SolutionConfigurationPlatforms) = preSolution
		Debug|Any CPU = Debug|Any CPU
		Release|Any CPU = Release|Any CPU
	EndGlobalSection
	GlobalSection(ProjectConfigurationPlatforms) = postSolution
		{97659369-70E1-4ED4-8FE6-6488B70BEB2C}.Debug|Any CPU.ActiveCfg = Debug|Any CPU
		{97659369-70E1-4ED4-8FE6-6488B70BEB2C}.Debug|Any CPU.Build.0 = Debug|Any CPU
		{97659369-70E1-4ED4-8FE6-6488B70BEB2C}.Release|Any CPU.ActiveCfg = Release|Any CPU
		{97659369-70E1-4ED4-8FE6-6488B70BEB2C}.Release|Any CPU.Build.0 = Release|Any CPU
	EndGlobalSection
	GlobalSection(SolutionProperties) = preSolution
		HideSolutionNode = FALSE
	EndGlobalSection
	GlobalSection(ExtensibilityGlobals) = postSolution
		SolutionGuid = {C6943FC7-F8F6-4443-B61C-B8B0C43D3D7B}
	EndGlobalSection
EndGlobal
